{
    "_readme": [
        "This file locks the dependencies of your project to a known state",
        "Read more about it at http://getcomposer.org/doc/01-basic-usage.md#composer-lock-the-lock-file",
        "This file is @generated automatically"
    ],
    "hash": "4440015229d2ef2298c1808312bbc28f",
    "packages": [
        {
            "name": "authorizenet/authorizenet",
            "version": "1.8.2",
            "source": {
                "type": "git",
                "url": "https://github.com/AuthorizeNet/sdk-php.git",
                "reference": "91c96b267e4e7386bd2fb5685b4f7e858a092e5a"
            },
            "dist": {
                "type": "zip",
                "url": "https://api.github.com/repos/AuthorizeNet/sdk-php/zipball/91c96b267e4e7386bd2fb5685b4f7e858a092e5a",
                "reference": "91c96b267e4e7386bd2fb5685b4f7e858a092e5a",
                "shasum": ""
            },
            "require": {
                "ext-curl": "*",
                "ext-json": "*",
                "ext-simplexml": "*",
                "php": "~5.3"
            },
            "require-dev": {
                "phpmd/phpmd": "~2.0",
                "phpunit/phpunit": "~4.0"
            },
            "suggest": {
                "phpdocumentor/phpdocumentor": "For generating API documentation"
            },
            "type": "library",
            "autoload": {
                "classmap": [
                    "lib"
                ]
            },
            "notification-url": "https://packagist.org/downloads/",
            "license": [
                "proprietary"
            ],
            "description": "Official PHP SDK for Authorize.Net",
            "homepage": "http://developer.authorize.net",
            "keywords": [
                "authorize.net",
                "authorizenet",
                "ecommerce",
                "payment"
            ],
            "time": "2014-08-05 23:54:23"
        }
    ],
    "packages-dev": [

    ],
    "aliases": [

    ],
    "minimum-stability": "stable",
    "stability-flags": [

    ],
    "prefer-stable": false,
    "platform": [

    ],
    "platform-dev": [

    ]
}
